
Microsoft Visual Studio Solution File, Format Version 12.00
# Visual Studio Version 17
VisualStudioVersion = 17.9.34902.65
MinimumVisualStudioVersion = 10.0.40219.1
Project("{FAE04EC0-301F-11D3-BF4B-00C04F79EFBC}") = "assignment_5_1", "assignment_5_1.csproj", "{9980796F-C020-4065-A752-10450D02072D}"
EndProject
Global
	GlobalSection(SolutionConfigurationPlatforms) = preSolution
		Debug|Any CPU = Debug|Any CPU
		Release|Any CPU = Release|Any CPU
	EndGlobalSection
	GlobalSection(ProjectConfigurationPlatforms) = postSolution
		{9980796F-C020-4065-A752-10450D02072D}.Debug|Any CPU.ActiveCfg = Debug|Any CPU
		{9980796F-C020-4065-A752-10450D02072D}.Debug|Any CPU.Build.0 = Debug|Any CPU
		{9980796F-C020-4065-A752-10450D02072D}.Release|Any CPU.ActiveCfg = Release|Any CPU
		{9980796F-C020-4065-A752-10450D02072D}.Release|Any CPU.Build.0 = Release|Any CPU
	EndGlobalSection
	GlobalSection(SolutionProperties) = preSolution
		HideSolutionNode = FALSE
	EndGlobalSection
	GlobalSection(ExtensibilityGlobals) = postSolution
		SolutionGuid = {6085339A-2EE7-4E1D-A1E8-584F64AF0F6D}
	EndGlobalSection
EndGlobal
