
Microsoft Visual Studio Solution File, Format Version 12.00
# Visual Studio Version 17
VisualStudioVersion = 17.9.34902.65
MinimumVisualStudioVersion = 10.0.40219.1
Project("{FAE04EC0-301F-11D3-BF4B-00C04F79EFBC}") = "HW_1", "HW_1.csproj", "{3A6BFA03-D4FC-4A0F-9284-FA6CF473FE0B}"
EndProject
Global
	GlobalSection(SolutionConfigurationPlatforms) = preSolution
		Debug|Any CPU = Debug|Any CPU
		Release|Any CPU = Release|Any CPU
	EndGlobalSection
	GlobalSection(ProjectConfigurationPlatforms) = postSolution
		{3A6BFA03-D4FC-4A0F-9284-FA6CF473FE0B}.Debug|Any CPU.ActiveCfg = Debug|Any CPU
		{3A6BFA03-D4FC-4A0F-9284-FA6CF473FE0B}.Debug|Any CPU.Build.0 = Debug|Any CPU
		{3A6BFA03-D4FC-4A0F-9284-FA6CF473FE0B}.Release|Any CPU.ActiveCfg = Release|Any CPU
		{3A6BFA03-D4FC-4A0F-9284-FA6CF473FE0B}.Release|Any CPU.Build.0 = Release|Any CPU
	EndGlobalSection
	GlobalSection(SolutionProperties) = preSolution
		HideSolutionNode = FALSE
	EndGlobalSection
	GlobalSection(ExtensibilityGlobals) = postSolution
		SolutionGuid = {C5717DC3-995B-4DD8-A50D-D4154DAA1239}
	EndGlobalSection
EndGlobal
