
Microsoft Visual Studio Solution File, Format Version 12.00
# Visual Studio Version 17
VisualStudioVersion = 17.9.34902.65
MinimumVisualStudioVersion = 10.0.40219.1
Project("{FAE04EC0-301F-11D3-BF4B-00C04F79EFBC}") = "HW_1_2", "HW_1_2.csproj", "{4D05451F-FA58-4C15-BB3F-47FCEBDB48CD}"
EndProject
Global
	GlobalSection(SolutionConfigurationPlatforms) = preSolution
		Debug|Any CPU = Debug|Any CPU
		Release|Any CPU = Release|Any CPU
	EndGlobalSection
	GlobalSection(ProjectConfigurationPlatforms) = postSolution
		{4D05451F-FA58-4C15-BB3F-47FCEBDB48CD}.Debug|Any CPU.ActiveCfg = Debug|Any CPU
		{4D05451F-FA58-4C15-BB3F-47FCEBDB48CD}.Debug|Any CPU.Build.0 = Debug|Any CPU
		{4D05451F-FA58-4C15-BB3F-47FCEBDB48CD}.Release|Any CPU.ActiveCfg = Release|Any CPU
		{4D05451F-FA58-4C15-BB3F-47FCEBDB48CD}.Release|Any CPU.Build.0 = Release|Any CPU
	EndGlobalSection
	GlobalSection(SolutionProperties) = preSolution
		HideSolutionNode = FALSE
	EndGlobalSection
	GlobalSection(ExtensibilityGlobals) = postSolution
		SolutionGuid = {2D597F32-B9DC-483F-934B-EC0FEBC78ABD}
	EndGlobalSection
EndGlobal
